// !$*UTF8*$!
{
	archiveVersion = 1;
	classes = {
	};
	objectVersion = 50;
	objects = {

/* Begin PBXBuildFile section */
		3B67B6382268E5A900BA9DF8 /* ImagePickerManager.swift in Sources */ = {isa = PBXBuildFile; fileRef = 3B67B6372268E5A900BA9DF8 /* ImagePickerManager.swift */; };
		3BAA8F3E2267B7BC00605B92 /* AppDelegate.swift in Sources */ = {isa = PBXBuildFile; fileRef = 3BAA8F3D2267B7BC00605B92 /* AppDelegate.swift */; };
		3BAA8F402267B7BC00605B92 /* ViewController.swift in Sources */ = {isa = PBXBuildFile; fileRef = 3BAA8F3F2267B7BC00605B92 /* ViewController.swift */; };
		3BAA8F432267B7BC00605B92 /* Main.storyboard in Resources */ = {isa = PBXBuildFile; fileRef = 3BAA8F412267B7BC00605B92 /* Main.storyboard */; };
		3BAA8F452267B7BE00605B92 /* Assets.xcassets in Resources */ = {isa = PBXBuildFile; fileRef = 3BAA8F442267B7BE00605B92 /* Assets.xcassets */; };
		3BAA8F482267B7BE00605B92 /* LaunchScreen.storyboard in Resources */ = {isa = PBXBuildFile; fileRef = 3BAA8F462267B7BE00605B92 /* LaunchScreen.storyboard */; };
		3BAA8F502267C32F00605B92 /* ColorView.swift in Sources */ = {isa = PBXBuildFile; fileRef = 3BAA8F4F2267C32F00605B92 /* ColorView.swift */; };
/* End PBXBuildFile section */

/* Begin PBXFileReference section */
		3B67B6372268E5A900BA9DF8 /* ImagePickerManager.swift */ = {isa = PBXFileReference; lastKnownFileType = sourcecode.swift; path = ImagePickerManager.swift; sourceTree = "<group>"; };
		3BAA8F3A2267B7BC00605B92 /* CorAcessivel.app */ = {isa = PBXFileReference; explicitFileType = wrapper.application; includeInIndex = 0; path = CorAcessivel.app; sourceTree = BUILT_PRODUCTS_DIR; };
		3BAA8F3D2267B7BC00605B92 /* AppDelegate.swift */ = {isa = PBXFileReference; lastKnownFileType = sourcecode.swift; path = AppDelegate.swift; sourceTree = "<group>"; };
		3BAA8F3F2267B7BC00605B92 /* ViewController.swift */ = {isa = PBXFileReference; lastKnownFileType = sourcecode.swift; path = ViewController.swift; sourceTree = "<group>"; };
		3BAA8F422267B7BC00605B92 /* Base */ = {isa = PBXFileReference; lastKnownFileType = file.storyboard; name = Base; path = Base.lproj/Main.storyboard; sourceTree = "<group>"; };
		3BAA8F442267B7BE00605B92 /* Assets.xcassets */ = {isa = PBXFileReference; lastKnownFileType = folder.assetcatalog; path = Assets.xcassets; sourceTree = "<group>"; };
		3BAA8F472267B7BE00605B92 /* Base */ = {isa = PBXFileReference; lastKnownFileType = file.storyboard; name = Base; path = Base.lproj/LaunchScreen.storyboard; sourceTree = "<group>"; };
		3BAA8F492267B7BE00605B92 /* Info.plist */ = {isa = PBXFileReference; lastKnownFileType = text.plist.xml; path = Info.plist; sourceTree = "<group>"; };
		3BAA8F4F2267C32F00605B92 /* ColorView.swift */ = {isa = PBXFileReference; lastKnownFileType = sourcecode.swift; path = ColorView.swift; sourceTree = "<group>"; };
/* End PBXFileReference section */

/* Begin PBXFrameworksBuildPhase section */
		3BAA8F372267B7BC00605B92 /* Frameworks */ = {
			isa = PBXFrameworksBuildPhase;
			buildActionMask = 2147483647;
			files = (
			);
			runOnlyForDeploymentPostprocessing = 0;
		};
/* End PBXFrameworksBuildPhase section */

/* Begin PBXGroup section */
		3BAA8F312267B7BC00605B92 = {
			isa = PBXGroup;
			children = (
				3BAA8F3C2267B7BC00605B92 /* CorAcessivel */,
				3BAA8F3B2267B7BC00605B92 /* Products */,
			);
			sourceTree = "<group>";
		};
		3BAA8F3B2267B7BC00605B92 /* Products */ = {
			isa = PBXGroup;
			children = (
				3BAA8F3A2267B7BC00605B92 /* CorAcessivel.app */,
			);
			name = Products;
			sourceTree = "<group>";
		};
		3BAA8F3C2267B7BC00605B92 /* CorAcessivel */ = {
			isa = PBXGroup;
			children = (
				3BAA8F3D2267B7BC00605B92 /* AppDelegate.swift */,
				3BAA8F3F2267B7BC00605B92 /* ViewController.swift */,
				3BAA8F412267B7BC00605B92 /* Main.storyboard */,
				3BAA8F442267B7BE00605B92 /* Assets.xcassets */,
				3BAA8F462267B7BE00605B92 /* LaunchScreen.storyboard */,
				3BAA8F492267B7BE00605B92 /* Info.plist */,
				3BAA8F4F2267C32F00605B92 /* ColorView.swift */,
				3B67B6372268E5A900BA9DF8 /* ImagePickerManager.swift */,
			);
			path = CorAcessivel;
			sourceTree = "<group>";
		};
/* End PBXGroup section */

/* Begin PBXNativeTarget section */
		3BAA8F392267B7BC00605B92 /* CorAcessivel */ = {
			isa = PBXNativeTarget;
			buildConfigurationList = 3BAA8F4C2267B7BE00605B92 /* Build configuration list for PBXNativeTarget "CorAcessivel" */;
			buildPhases = (
				3BAA8F362267B7BC00605B92 /* Sources */,
				3BAA8F372267B7BC00605B92 /* Frameworks */,
				3BAA8F382267B7BC00605B92 /* Resources */,
			);
			buildRules = (
			);
			dependencies = (
			);
			name = CorAcessivel;
			productName = CorAcessivel;
			productReference = 3BAA8F3A2267B7BC00605B92 /* CorAcessivel.app */;
			productType = "com.apple.product-type.application";
		};
/* End PBXNativeTarget section */

/* Begin PBXProject section */
		3BAA8F322267B7BC00605B92 /* Project object */ = {
			isa = PBXProject;
			attributes = {
				LastSwiftUpdateCheck = 1020;
				LastUpgradeCheck = 1020;
				ORGANIZATIONNAME = "Felipe Kaça Petersen";
				TargetAttributes = {
					3BAA8F392267B7BC00605B92 = {
						CreatedOnToolsVersion = 10.2;
					};
				};
			};
			buildConfigurationList = 3BAA8F352267B7BC00605B92 /* Build configuration list for PBXProject "CorAcessivel" */;
			compatibilityVersion = "Xcode 9.3";
			developmentRegion = en;
			hasScannedForEncodings = 0;
			knownRegions = (
				en,
				Base,
			);
			mainGroup = 3BAA8F312267B7BC00605B92;
			productRefGroup = 3BAA8F3B2267B7BC00605B92 /* Products */;
			projectDirPath = "";
			projectRoot = "";
			targets = (
				3BAA8F392267B7BC00605B92 /* CorAcessivel */,
			);
		};
/* End PBXProject section */

/* Begin PBXResourcesBuildPhase section */
		3BAA8F382267B7BC00605B92 /* Resources */ = {
			isa = PBXResourcesBuildPhase;
			buildActionMask = 2147483647;
			files = (
				3BAA8F482267B7BE00605B92 /* LaunchScreen.storyboard in Resources */,
				3BAA8F452267B7BE00605B92 /* Assets.xcassets in Resources */,
				3BAA8F432267B7BC00605B92 /* Main.storyboard in Resources */,
			);
			runOnlyForDeploymentPostprocessing = 0;
		};
/* End PBXResourcesBuildPhase section */

/* Begin PBXSourcesBuildPhase section */
		3BAA8F362267B7BC00605B92 /* Sources */ = {
			isa = PBXSourcesBuildPhase;
			buildActionMask = 2147483647;
			files = (
				3BAA8F502267C32F00605B92 /* ColorView.swift in Sources */,
				3BAA8F402267B7BC00605B92 /* ViewController.swift in Sources */,
				3BAA8F3E2267B7BC00605B92 /* AppDelegate.swift in Sources */,
				3B67B6382268E5A900BA9DF8 /* ImagePickerManager.swift in Sources */,
			);
			runOnlyForDeploymentPostprocessing = 0;
		};
/* End PBXSourcesBuildPhase section */

/* Begin PBXVariantGroup section */
		3BAA8F412267B7BC00605B92 /* Main.storyboard */ = {
			isa = PBXVariantGroup;
			children = (
				3BAA8F422267B7BC00605B92 /* Base */,
			);
			name = Main.storyboard;
			sourceTree = "<group>";
		};
		3BAA8F462267B7BE00605B92 /* LaunchScreen.storyboard */ = {
			isa = PBXVariantGroup;
			children = (
				3BAA8F472267B7BE00605B92 /* Base */,
			);
			name = LaunchScreen.storyboard;
			sourceTree = "<group>";
		};
/* End PBXVariantGroup section */

/* Begin XCBuildConfiguration section */
		3BAA8F4A2267B7BE00605B92 /* Debug */ = {
			isa = XCBuildConfiguration;
			buildSettings = {
				ALWAYS_SEARCH_USER_PATHS = NO;
				CLANG_ANALYZER_NONNULL = YES;
				CLANG_ANALYZER_NUMBER_OBJECT_CONVERSION = YES_AGGRESSIVE;
				CLANG_CXX_LANGUAGE_STANDARD = "gnu++14";
				CLANG_CXX_LIBRARY = "libc++";
				CLANG_ENABLE_MODULES = YES;
				CLANG_ENABLE_OBJC_ARC = YES;
				CLANG_ENABLE_OBJC_WEAK = YES;
				CLANG_WARN_BLOCK_CAPTURE_AUTORELEASING = YES;
				CLANG_WARN_BOOL_CONVERSION = YES;
				CLANG_WARN_COMMA = YES;
				CLANG_WARN_CONSTANT_CONVERSION = YES;
				CLANG_WARN_DEPRECATED_OBJC_IMPLEMENTATIONS = YES;
				CLANG_WARN_DIRECT_OBJC_ISA_USAGE = YES_ERROR;
				CLANG_WARN_DOCUMENTATION_COMMENTS = YES;
				CLANG_WARN_EMPTY_BODY = YES;
				CLANG_WARN_ENUM_CONVERSION = YES;
				CLANG_WARN_INFINITE_RECURSION = YES;
				CLANG_WARN_INT_CONVERSION = YES;
				CLANG_WARN_NON_LITERAL_NULL_CONVERSION = YES;
				CLANG_WARN_OBJC_IMPLICIT_RETAIN_SELF = YES;
				CLANG_WARN_OBJC_LITERAL_CONVERSION = YES;
				CLANG_WARN_OBJC_ROOT_CLASS = YES_ERROR;
				CLANG_WARN_RANGE_LOOP_ANALYSIS = YES;
				CLANG_WARN_STRICT_PROTOTYPES = YES;
				CLANG_WARN_SUSPICIOUS_MOVE = YES;
				CLANG_WARN_UNGUARDED_AVAILABILITY = YES_AGGRESSIVE;
				CLANG_WARN_UNREACHABLE_CODE = YES;
				CLANG_WARN__DUPLICATE_METHOD_MATCH = YES;
				CODE_SIGN_IDENTITY = "iPhone Developer";
				COPY_PHASE_STRIP = NO;
				DEBUG_INFORMATION_FORMAT = dwarf;
				ENABLE_STRICT_OBJC_MSGSEND = YES;
				ENABLE_TESTABILITY = YES;
				GCC_C_LANGUAGE_STANDARD = gnu11;
				GCC_DYNAMIC_NO_PIC = NO;
				GCC_NO_COMMON_BLOCKS = YES;
				GCC_OPTIMIZATION_LEVEL = 0;
				GCC_PREPROCESSOR_DEFINITIONS = (
					"DEBUG=1",
					"$(inherited)",
				);
				GCC_WARN_64_TO_32_BIT_CONVERSION = YES;
				GCC_WARN_ABOUT_RETURN_TYPE = YES_ERROR;
				GCC_WARN_UNDECLARED_SELECTOR = YES;
				GCC_WARN_UNINITIALIZED_AUTOS = YES_AGGRESSIVE;
				GCC_WARN_UNUSED_FUNCTION = YES;
				GCC_WARN_UNUSED_VARIABLE = YES;
				IPHONEOS_DEPLOYMENT_TARGET = 12.2;
				MTL_ENABLE_DEBUG_INFO = INCLUDE_SOURCE;
				MTL_FAST_MATH = YES;
				ONLY_ACTIVE_ARCH = YES;
				SDKROOT = iphoneos;
				SWIFT_ACTIVE_COMPILATION_CONDITIONS = DEBUG;
				SWIFT_OPTIMIZATION_LEVEL = "-Onone";
			};
			name = Debug;
		};
		3BAA8F4B2267B7BE00605B92 /* Release */ = {
			isa = XCBuildConfiguration;
			buildSettings = {
				ALWAYS_SEARCH_USER_PATHS = NO;
				CLANG_ANALYZER_NONNULL = YES;
				CLANG_ANALYZER_NUMBER_OBJECT_CONVERSION = YES_AGGRESSIVE;
				CLANG_CXX_LANGUAGE_STANDARD = "gnu++14";
				CLANG_CXX_LIBRARY = "libc++";
				CLANG_ENABLE_MODULES = YES;
				CLANG_ENABLE_OBJC_ARC = YES;
				CLANG_ENABLE_OBJC_WEAK = YES;
				CLANG_WARN_BLOCK_CAPTURE_AUTORELEASING = YES;
				CLANG_WARN_BOOL_CONVERSION = YES;
				CLANG_WARN_COMMA = YES;
				CLANG_WARN_CONSTANT_CONVERSION = YES;
				CLANG_WARN_DEPRECATED_OBJC_IMPLEMENTATIONS = YES;
				CLANG_WARN_DIRECT_OBJC_ISA_USAGE = YES_ERROR;
				CLANG_WARN_DOCUMENTATION_COMMENTS = YES;
				CLANG_WARN_EMPTY_BODY = YES;
				CLANG_WARN_ENUM_CONVERSION = YES;
				CLANG_WARN_INFINITE_RECURSION = YES;
				CLANG_WARN_INT_CONVERSION = YES;
				CLANG_WARN_NON_LITERAL_NULL_CONVERSION = YES;
				CLANG_WARN_OBJC_IMPLICIT_RETAIN_SELF = YES;
				CLANG_WARN_OBJC_LITERAL_CONVERSION = YES;
				CLANG_WARN_OBJC_ROOT_CLASS = YES_ERROR;
				CLANG_WARN_RANGE_LOOP_ANALYSIS = YES;
				CLANG_WARN_STRICT_PROTOTYPES = YES;
				CLANG_WARN_SUSPICIOUS_MOVE = YES;
				CLANG_WARN_UNGUARDED_AVAILABILITY = YES_AGGRESSIVE;
				CLANG_WARN_UNREACHABLE_CODE = YES;
				CLANG_WARN__DUPLICATE_METHOD_MATCH = YES;
				CODE_SIGN_IDENTITY = "iPhone Developer";
				COPY_PHASE_STRIP = NO;
				DEBUG_INFORMATION_FORMAT = "dwarf-with-dsym";
				ENABLE_NS_ASSERTIONS = NO;
				ENABLE_STRICT_OBJC_MSGSEND = YES;
				GCC_C_LANGUAGE_STANDARD = gnu11;
				GCC_NO_COMMON_BLOCKS = YES;
				GCC_WARN_64_TO_32_BIT_CONVERSION = YES;
				GCC_WARN_ABOUT_RETURN_TYPE = YES_ERROR;
				GCC_WARN_UNDECLARED_SELECTOR = YES;
				GCC_WARN_UNINITIALIZED_AUTOS = YES_AGGRESSIVE;
				GCC_WARN_UNUSED_FUNCTION = YES;
				GCC_WARN_UNUSED_VARIABLE = YES;
				IPHONEOS_DEPLOYMENT_TARGET = 12.2;
				MTL_ENABLE_DEBUG_INFO = NO;
				MTL_FAST_MATH = YES;
				SDKROOT = iphoneos;
				SWIFT_COMPILATION_MODE = wholemodule;
				SWIFT_OPTIMIZATION_LEVEL = "-O";
				VALIDATE_PRODUCT = YES;
			};
			name = Release;
		};
		3BAA8F4D2267B7BE00605B92 /* Debug */ = {
			isa = XCBuildConfiguration;
			buildSettings = {
				ASSETCATALOG_COMPILER_APPICON_NAME = AppIcon;
				CODE_SIGN_STYLE = Automatic;
				DEVELOPMENT_TEAM = DHAN829484;
				INFOPLIST_FILE = CorAcessivel/Info.plist;
				LD_RUNPATH_SEARCH_PATHS = (
					"$(inherited)",
					"@executable_path/Frameworks",
				);
				PRODUCT_BUNDLE_IDENTIFIER = com.fepetersen.CorAcessivel;
				PRODUCT_NAME = "$(TARGET_NAME)";
				SWIFT_VERSION = 5.0;
				TARGETED_DEVICE_FAMILY = "1,2";
			};
			name = Debug;
		};
		3BAA8F4E2267B7BE00605B92 /* Release */ = {
			isa = XCBuildConfiguration;
			buildSettings = {
				ASSETCATALOG_COMPILER_APPICON_NAME = AppIcon;
				CODE_SIGN_STYLE = Automatic;
				DEVELOPMENT_TEAM = DHAN829484;
				INFOPLIST_FILE = CorAcessivel/Info.plist;
				LD_RUNPATH_SEARCH_PATHS = (
					"$(inherited)",
					"@executable_path/Frameworks",
				);
				PRODUCT_BUNDLE_IDENTIFIER = com.fepetersen.CorAcessivel;
				PRODUCT_NAME = "$(TARGET_NAME)";
				SWIFT_VERSION = 5.0;
				TARGETED_DEVICE_FAMILY = "1,2";
			};
			name = Release;
		};
/* End XCBuildConfiguration section */

/* Begin XCConfigurationList section */
		3BAA8F352267B7BC00605B92 /* Build configuration list for PBXProject "CorAcessivel" */ = {
			isa = XCConfigurationList;
			buildConfigurations = (
				3BAA8F4A2267B7BE00605B92 /* Debug */,
				3BAA8F4B2267B7BE00605B92 /* Release */,
			);
			defaultConfigurationIsVisible = 0;
			defaultConfigurationName = Release;
		};
		3BAA8F4C2267B7BE00605B92 /* Build configuration list for PBXNativeTarget "CorAcessivel" */ = {
			isa = XCConfigurationList;
			buildConfigurations = (
				3BAA8F4D2267B7BE00605B92 /* Debug */,
				3BAA8F4E2267B7BE00605B92 /* Release */,
			);
			defaultConfigurationIsVisible = 0;
			defaultConfigurationName = Release;
		};
/* End XCConfigurationList section */
	};
	rootObject = 3BAA8F322267B7BC00605B92 /* Project object */;
}
